// !$*UTF8*$!
{
	archiveVersion = 1;
	classes = {
	};
	objectVersion = 50;
	objects = {

/* Begin PBXBuildFile section */
		AB87405D2511023000A5AF21 /* AppDelegate.swift in Sources */ = {isa = PBXBuildFile; fileRef = AB87405C2511023000A5AF21 /* AppDelegate.swift */; };
		AB87405F2511023000A5AF21 /* SceneDelegate.swift in Sources */ = {isa = PBXBuildFile; fileRef = AB87405E2511023000A5AF21 /* SceneDelegate.swift */; };
		AB8740612511023000A5AF21 /* ContentView.swift in Sources */ = {isa = PBXBuildFile; fileRef = AB8740602511023000A5AF21 /* ContentView.swift */; };
		AB8740632511023600A5AF21 /* Assets.xcassets in Resources */ = {isa = PBXBuildFile; fileRef = AB8740622511023600A5AF21 /* Assets.xcassets */; };
		AB8740662511023600A5AF21 /* Preview Assets.xcassets in Resources */ = {isa = PBXBuildFile; fileRef = AB8740652511023600A5AF21 /* Preview Assets.xcassets */; };
		AB8740692511023600A5AF21 /* LaunchScreen.storyboard in Resources */ = {isa = PBXBuildFile; fileRef = AB8740672511023600A5AF21 /* LaunchScreen.storyboard */; };
		ABDD0996251E2621008DB574 /* AboutView.swift in Sources */ = {isa = PBXBuildFile; fileRef = ABDD0995251E2621008DB574 /* AboutView.swift */; };
/* End PBXBuildFile section */

/* Begin PBXFileReference section */
		AB8740592511023000A5AF21 /* Bullseye2.0.app */ = {isa = PBXFileReference; explicitFileType = wrapper.application; includeInIndex = 0; path = Bullseye2.0.app; sourceTree = BUILT_PRODUCTS_DIR; };
		AB87405C2511023000A5AF21 /* AppDelegate.swift */ = {isa = PBXFileReference; lastKnownFileType = sourcecode.swift; path = AppDelegate.swift; sourceTree = "<group>"; };
		AB87405E2511023000A5AF21 /* SceneDelegate.swift */ = {isa = PBXFileReference; lastKnownFileType = sourcecode.swift; path = SceneDelegate.swift; sourceTree = "<group>"; };
		AB8740602511023000A5AF21 /* ContentView.swift */ = {isa = PBXFileReference; lastKnownFileType = sourcecode.swift; path = ContentView.swift; sourceTree = "<group>"; };
		AB8740622511023600A5AF21 /* Assets.xcassets */ = {isa = PBXFileReference; lastKnownFileType = folder.assetcatalog; path = Assets.xcassets; sourceTree = "<group>"; };
		AB8740652511023600A5AF21 /* Preview Assets.xcassets */ = {isa = PBXFileReference; lastKnownFileType = folder.assetcatalog; path = "Preview Assets.xcassets"; sourceTree = "<group>"; };
		AB8740682511023600A5AF21 /* Base */ = {isa = PBXFileReference; lastKnownFileType = file.storyboard; name = Base; path = Base.lproj/LaunchScreen.storyboard; sourceTree = "<group>"; };
		AB87406A2511023600A5AF21 /* Info.plist */ = {isa = PBXFileReference; lastKnownFileType = text.plist.xml; path = Info.plist; sourceTree = "<group>"; };
		ABDD0995251E2621008DB574 /* AboutView.swift */ = {isa = PBXFileReference; lastKnownFileType = sourcecode.swift; path = AboutView.swift; sourceTree = "<group>"; };
/* End PBXFileReference section */

/* Begin PBXFrameworksBuildPhase section */
		AB8740562511023000A5AF21 /* Frameworks */ = {
			isa = PBXFrameworksBuildPhase;
			buildActionMask = 2147483647;
			files = (
			);
			runOnlyForDeploymentPostprocessing = 0;
		};
/* End PBXFrameworksBuildPhase section */

/* Begin PBXGroup section */
		AB8740502511023000A5AF21 = {
			isa = PBXGroup;
			children = (
				AB87405B2511023000A5AF21 /* Bullseye2.0 */,
				AB87405A2511023000A5AF21 /* Products */,
			);
			sourceTree = "<group>";
		};
		AB87405A2511023000A5AF21 /* Products */ = {
			isa = PBXGroup;
			children = (
				AB8740592511023000A5AF21 /* Bullseye2.0.app */,
			);
			name = Products;
			sourceTree = "<group>";
		};
		AB87405B2511023000A5AF21 /* Bullseye2.0 */ = {
			isa = PBXGroup;
			children = (
				AB87405C2511023000A5AF21 /* AppDelegate.swift */,
				AB87405E2511023000A5AF21 /* SceneDelegate.swift */,
				AB8740602511023000A5AF21 /* ContentView.swift */,
				ABDD0995251E2621008DB574 /* AboutView.swift */,
				AB8740622511023600A5AF21 /* Assets.xcassets */,
				AB8740672511023600A5AF21 /* LaunchScreen.storyboard */,
				AB87406A2511023600A5AF21 /* Info.plist */,
				AB8740642511023600A5AF21 /* Preview Content */,
			);
			path = Bullseye2.0;
			sourceTree = "<group>";
		};
		AB8740642511023600A5AF21 /* Preview Content */ = {
			isa = PBXGroup;
			children = (
				AB8740652511023600A5AF21 /* Preview Assets.xcassets */,
			);
			path = "Preview Content";
			sourceTree = "<group>";
		};
/* End PBXGroup section */

/* Begin PBXNativeTarget section */
		AB8740582511023000A5AF21 /* Bullseye2.0 */ = {
			isa = PBXNativeTarget;
			buildConfigurationList = AB87406D2511023600A5AF21 /* Build configuration list for PBXNativeTarget "Bullseye2.0" */;
			buildPhases = (
				AB8740552511023000A5AF21 /* Sources */,
				AB8740562511023000A5AF21 /* Frameworks */,
				AB8740572511023000A5AF21 /* Resources */,
			);
			buildRules = (
			);
			dependencies = (
			);
			name = Bullseye2.0;
			productName = Bullseye2.0;
			productReference = AB8740592511023000A5AF21 /* Bullseye2.0.app */;
			productType = "com.apple.product-type.application";
		};
/* End PBXNativeTarget section */

/* Begin PBXProject section */
		AB8740512511023000A5AF21 /* Project object */ = {
			isa = PBXProject;
			attributes = {
				LastSwiftUpdateCheck = 1160;
				LastUpgradeCheck = 1200;
				ORGANIZATIONNAME = Margo;
				TargetAttributes = {
					AB8740582511023000A5AF21 = {
						CreatedOnToolsVersion = 11.6;
					};
				};
			};
			buildConfigurationList = AB8740542511023000A5AF21 /* Build configuration list for PBXProject "Bullseye2.0" */;
			compatibilityVersion = "Xcode 9.3";
			developmentRegion = en;
			hasScannedForEncodings = 0;
			knownRegions = (
				en,
				Base,
			);
			mainGroup = AB8740502511023000A5AF21;
			productRefGroup = AB87405A2511023000A5AF21 /* Products */;
			projectDirPath = "";
			projectRoot = "";
			targets = (
				AB8740582511023000A5AF21 /* Bullseye2.0 */,
			);
		};
/* End PBXProject section */

/* Begin PBXResourcesBuildPhase section */
		AB8740572511023000A5AF21 /* Resources */ = {
			isa = PBXResourcesBuildPhase;
			buildActionMask = 2147483647;
			files = (
				AB8740692511023600A5AF21 /* LaunchScreen.storyboard in Resources */,
				AB8740662511023600A5AF21 /* Preview Assets.xcassets in Resources */,
				AB8740632511023600A5AF21 /* Assets.xcassets in Resources */,
			);
			runOnlyForDeploymentPostprocessing = 0;
		};
/* End PBXResourcesBuildPhase section */

/* Begin PBXSourcesBuildPhase section */
		AB8740552511023000A5AF21 /* Sources */ = {
			isa = PBXSourcesBuildPhase;
			buildActionMask = 2147483647;
			files = (
				ABDD0996251E2621008DB574 /* AboutView.swift in Sources */,
				AB87405D2511023000A5AF21 /* AppDelegate.swift in Sources */,
				AB87405F2511023000A5AF21 /* SceneDelegate.swift in Sources */,
				AB8740612511023000A5AF21 /* ContentView.swift in Sources */,
			);
			runOnlyForDeploymentPostprocessing = 0;
		};
/* End PBXSourcesBuildPhase section */

/* Begin PBXVariantGroup section */
		AB8740672511023600A5AF21 /* LaunchScreen.storyboard */ = {
			isa = PBXVariantGroup;
			children = (
				AB8740682511023600A5AF21 /* Base */,
			);
			name = LaunchScreen.storyboard;
			sourceTree = "<group>";
		};
/* End PBXVariantGroup section */

/* Begin XCBuildConfiguration section */
		AB87406B2511023600A5AF21 /* Debug */ = {
			isa = XCBuildConfiguration;
			buildSettings = {
				ALWAYS_SEARCH_USER_PATHS = NO;
				CLANG_ANALYZER_NONNULL = YES;
				CLANG_ANALYZER_NUMBER_OBJECT_CONVERSION = YES_AGGRESSIVE;
				CLANG_CXX_LANGUAGE_STANDARD = "gnu++14";
				CLANG_CXX_LIBRARY = "libc++";
				CLANG_ENABLE_MODULES = YES;
				CLANG_ENABLE_OBJC_ARC = YES;
				CLANG_ENABLE_OBJC_WEAK = YES;
				CLANG_WARN_BLOCK_CAPTURE_AUTORELEASING = YES;
				CLANG_WARN_BOOL_CONVERSION = YES;
				CLANG_WARN_COMMA = YES;
				CLANG_WARN_CONSTANT_CONVERSION = YES;
				CLANG_WARN_DEPRECATED_OBJC_IMPLEMENTATIONS = YES;
				CLANG_WARN_DIRECT_OBJC_ISA_USAGE = YES_ERROR;
				CLANG_WARN_DOCUMENTATION_COMMENTS = YES;
				CLANG_WARN_EMPTY_BODY = YES;
				CLANG_WARN_ENUM_CONVERSION = YES;
				CLANG_WARN_INFINITE_RECURSION = YES;
				CLANG_WARN_INT_CONVERSION = YES;
				CLANG_WARN_NON_LITERAL_NULL_CONVERSION = YES;
				CLANG_WARN_OBJC_IMPLICIT_RETAIN_SELF = YES;
				CLANG_WARN_OBJC_LITERAL_CONVERSION = YES;
				CLANG_WARN_OBJC_ROOT_CLASS = YES_ERROR;
				CLANG_WARN_QUOTED_INCLUDE_IN_FRAMEWORK_HEADER = YES;
				CLANG_WARN_RANGE_LOOP_ANALYSIS = YES;
				CLANG_WARN_STRICT_PROTOTYPES = YES;
				CLANG_WARN_SUSPICIOUS_MOVE = YES;
				CLANG_WARN_UNGUARDED_AVAILABILITY = YES_AGGRESSIVE;
				CLANG_WARN_UNREACHABLE_CODE = YES;
				CLANG_WARN__DUPLICATE_METHOD_MATCH = YES;
				COPY_PHASE_STRIP = NO;
				DEBUG_INFORMATION_FORMAT = dwarf;
				ENABLE_STRICT_OBJC_MSGSEND = YES;
				ENABLE_TESTABILITY = YES;
				GCC_C_LANGUAGE_STANDARD = gnu11;
				GCC_DYNAMIC_NO_PIC = NO;
				GCC_NO_COMMON_BLOCKS = YES;
				GCC_OPTIMIZATION_LEVEL = 0;
				GCC_PREPROCESSOR_DEFINITIONS = (
					"DEBUG=1",
					"$(inherited)",
				);
				GCC_WARN_64_TO_32_BIT_CONVERSION = YES;
				GCC_WARN_ABOUT_RETURN_TYPE = YES_ERROR;
				GCC_WARN_UNDECLARED_SELECTOR = YES;
				GCC_WARN_UNINITIALIZED_AUTOS = YES_AGGRESSIVE;
				GCC_WARN_UNUSED_FUNCTION = YES;
				GCC_WARN_UNUSED_VARIABLE = YES;
				IPHONEOS_DEPLOYMENT_TARGET = 13.6;
				MTL_ENABLE_DEBUG_INFO = INCLUDE_SOURCE;
				MTL_FAST_MATH = YES;
				ONLY_ACTIVE_ARCH = YES;
				SDKROOT = iphoneos;
				SWIFT_ACTIVE_COMPILATION_CONDITIONS = DEBUG;
				SWIFT_OPTIMIZATION_LEVEL = "-Onone";
			};
			name = Debug;
		};
		AB87406C2511023600A5AF21 /* Release */ = {
			isa = XCBuildConfiguration;
			buildSettings = {
				ALWAYS_SEARCH_USER_PATHS = NO;
				CLANG_ANALYZER_NONNULL = YES;
				CLANG_ANALYZER_NUMBER_OBJECT_CONVERSION = YES_AGGRESSIVE;
				CLANG_CXX_LANGUAGE_STANDARD = "gnu++14";
				CLANG_CXX_LIBRARY = "libc++";
				CLANG_ENABLE_MODULES = YES;
				CLANG_ENABLE_OBJC_ARC = YES;
				CLANG_ENABLE_OBJC_WEAK = YES;
				CLANG_WARN_BLOCK_CAPTURE_AUTORELEASING = YES;
				CLANG_WARN_BOOL_CONVERSION = YES;
				CLANG_WARN_COMMA = YES;
				CLANG_WARN_CONSTANT_CONVERSION = YES;
				CLANG_WARN_DEPRECATED_OBJC_IMPLEMENTATIONS = YES;
				CLANG_WARN_DIRECT_OBJC_ISA_USAGE = YES_ERROR;
				CLANG_WARN_DOCUMENTATION_COMMENTS = YES;
				CLANG_WARN_EMPTY_BODY = YES;
				CLANG_WARN_ENUM_CONVERSION = YES;
				CLANG_WARN_INFINITE_RECURSION = YES;
				CLANG_WARN_INT_CONVERSION = YES;
				CLANG_WARN_NON_LITERAL_NULL_CONVERSION = YES;
				CLANG_WARN_OBJC_IMPLICIT_RETAIN_SELF = YES;
				CLANG_WARN_OBJC_LITERAL_CONVERSION = YES;
				CLANG_WARN_OBJC_ROOT_CLASS = YES_ERROR;
				CLANG_WARN_QUOTED_INCLUDE_IN_FRAMEWORK_HEADER = YES;
				CLANG_WARN_RANGE_LOOP_ANALYSIS = YES;
				CLANG_WARN_STRICT_PROTOTYPES = YES;
				CLANG_WARN_SUSPICIOUS_MOVE = YES;
				CLANG_WARN_UNGUARDED_AVAILABILITY = YES_AGGRESSIVE;
				CLANG_WARN_UNREACHABLE_CODE = YES;
				CLANG_WARN__DUPLICATE_METHOD_MATCH = YES;
				COPY_PHASE_STRIP = NO;
				DEBUG_INFORMATION_FORMAT = "dwarf-with-dsym";
				ENABLE_NS_ASSERTIONS = NO;
				ENABLE_STRICT_OBJC_MSGSEND = YES;
				GCC_C_LANGUAGE_STANDARD = gnu11;
				GCC_NO_COMMON_BLOCKS = YES;
				GCC_WARN_64_TO_32_BIT_CONVERSION = YES;
				GCC_WARN_ABOUT_RETURN_TYPE = YES_ERROR;
				GCC_WARN_UNDECLARED_SELECTOR = YES;
				GCC_WARN_UNINITIALIZED_AUTOS = YES_AGGRESSIVE;
				GCC_WARN_UNUSED_FUNCTION = YES;
				GCC_WARN_UNUSED_VARIABLE = YES;
				IPHONEOS_DEPLOYMENT_TARGET = 13.6;
				MTL_ENABLE_DEBUG_INFO = NO;
				MTL_FAST_MATH = YES;
				SDKROOT = iphoneos;
				SWIFT_COMPILATION_MODE = wholemodule;
				SWIFT_OPTIMIZATION_LEVEL = "-O";
				VALIDATE_PRODUCT = YES;
			};
			name = Release;
		};
		AB87406E2511023600A5AF21 /* Debug */ = {
			isa = XCBuildConfiguration;
			buildSettings = {
				ASSETCATALOG_COMPILER_APPICON_NAME = AppIcon;
				CODE_SIGN_STYLE = Automatic;
				DEVELOPMENT_ASSET_PATHS = "\"Bullseye2.0/Preview Content\"";
				DEVELOPMENT_TEAM = A7C2Q9ASRD;
				ENABLE_PREVIEWS = YES;
				INFOPLIST_FILE = Bullseye2.0/Info.plist;
				LD_RUNPATH_SEARCH_PATHS = (
					"$(inherited)",
					"@executable_path/Frameworks",
				);
				PRODUCT_BUNDLE_IDENTIFIER = "margo.Bullseye2-0";
				PRODUCT_NAME = "$(TARGET_NAME)";
				SWIFT_VERSION = 5.0;
				TARGETED_DEVICE_FAMILY = "1,2";
			};
			name = Debug;
		};
		AB87406F2511023600A5AF21 /* Release */ = {
			isa = XCBuildConfiguration;
			buildSettings = {
				ASSETCATALOG_COMPILER_APPICON_NAME = AppIcon;
				CODE_SIGN_STYLE = Automatic;
				DEVELOPMENT_ASSET_PATHS = "\"Bullseye2.0/Preview Content\"";
				DEVELOPMENT_TEAM = A7C2Q9ASRD;
				ENABLE_PREVIEWS = YES;
				INFOPLIST_FILE = Bullseye2.0/Info.plist;
				LD_RUNPATH_SEARCH_PATHS = (
					"$(inherited)",
					"@executable_path/Frameworks",
				);
				PRODUCT_BUNDLE_IDENTIFIER = "margo.Bullseye2-0";
				PRODUCT_NAME = "$(TARGET_NAME)";
				SWIFT_VERSION = 5.0;
				TARGETED_DEVICE_FAMILY = "1,2";
			};
			name = Release;
		};
/* End XCBuildConfiguration section */

/* Begin XCConfigurationList section */
		AB8740542511023000A5AF21 /* Build configuration list for PBXProject "Bullseye2.0" */ = {
			isa = XCConfigurationList;
			buildConfigurations = (
				AB87406B2511023600A5AF21 /* Debug */,
				AB87406C2511023600A5AF21 /* Release */,
			);
			defaultConfigurationIsVisible = 0;
			defaultConfigurationName = Release;
		};
		AB87406D2511023600A5AF21 /* Build configuration list for PBXNativeTarget "Bullseye2.0" */ = {
			isa = XCConfigurationList;
			buildConfigurations = (
				AB87406E2511023600A5AF21 /* Debug */,
				AB87406F2511023600A5AF21 /* Release */,
			);
			defaultConfigurationIsVisible = 0;
			defaultConfigurationName = Release;
		};
/* End XCConfigurationList section */
	};
	rootObject = AB8740512511023000A5AF21 /* Project object */;
}
